// !$*UTF8*$!
{
	archiveVersion = 1;
	classes = {
	};
	objectVersion = 46;
	objects = {

/* Begin PBXBuildFile section */
		09D6AE93075395DC4EC2E6D6 /* ofxOscSender.cpp in Sources */ = {isa = PBXBuildFile; fileRef = 447CD6DD87D12C85554F0865 /* ofxOscSender.cpp */; };
		0AC8EDCA4DBC8BAAF3219AFD /* tinyxmlparser.cpp in Sources */ = {isa = PBXBuildFile; fileRef = 2E98CC390F025E7D0B8A4E33 /* tinyxmlparser.cpp */; };
		0B22A9762B0B2313F128D7FC /* ofxOscBundle.cpp in Sources */ = {isa = PBXBuildFile; fileRef = 210F109BE850E4006BEC97CE /* ofxOscBundle.cpp */; };
		0FC957C61DD26AD3005C6EC9 /* BaseEngine.cpp in Sources */ = {isa = PBXBuildFile; fileRef = 0FC957AD1DD26AD3005C6EC9 /* BaseEngine.cpp */; };
		0FC957C71DD26AD3005C6EC9 /* BaseTheme.cpp in Sources */ = {isa = PBXBuildFile; fileRef = 0FC957AF1DD26AD3005C6EC9 /* BaseTheme.cpp */; };
		0FC957C81DD26AD3005C6EC9 /* EngineGLFW.cpp in Sources */ = {isa = PBXBuildFile; fileRef = 0FC957B11DD26AD3005C6EC9 /* EngineGLFW.cpp */; };
		0FC957C91DD26AD3005C6EC9 /* EngineOpenGLES.cpp in Sources */ = {isa = PBXBuildFile; fileRef = 0FC957B31DD26AD3005C6EC9 /* EngineOpenGLES.cpp */; };
		0FC957CA1DD26AD3005C6EC9 /* ofxImGui.cpp in Sources */ = {isa = PBXBuildFile; fileRef = 0FC957B61DD26AD3005C6EC9 /* ofxImGui.cpp */; };
		0FC957CB1DD26AD3005C6EC9 /* imgui.cpp in Sources */ = {isa = PBXBuildFile; fileRef = 0FC957BC1DD26AD3005C6EC9 /* imgui.cpp */; };
		0FC957CC1DD26AD3005C6EC9 /* imgui_demo.cpp in Sources */ = {isa = PBXBuildFile; fileRef = 0FC957BE1DD26AD3005C6EC9 /* imgui_demo.cpp */; };
		0FC957CD1DD26AD3005C6EC9 /* imgui_draw.cpp in Sources */ = {isa = PBXBuildFile; fileRef = 0FC957BF1DD26AD3005C6EC9 /* imgui_draw.cpp */; };
		0FC957CE1DD26AD3005C6EC9 /* README.md in Sources */ = {isa = PBXBuildFile; fileRef = 0FC957C21DD26AD3005C6EC9 /* README.md */; };
		14FD0F7EC56A6343B310305A /* OscOutboundPacketStream.cpp in Sources */ = {isa = PBXBuildFile; fileRef = F0E139ADD6F7AED3D882B820 /* OscOutboundPacketStream.cpp */; };
		212B20288C88DDCF3E11047B /* ofxToggle.cpp in Sources */ = {isa = PBXBuildFile; fileRef = 6BA9E95D468DC33DE23A10F5 /* ofxToggle.cpp */; };
		22C2F32F254438A66FB074B7 /* OscReceivedElements.cpp in Sources */ = {isa = PBXBuildFile; fileRef = 26864C7F4D2CB1511539F95E /* OscReceivedElements.cpp */; };
		27B1FC002AA181745768339F /* ofxOscMessage.cpp in Sources */ = {isa = PBXBuildFile; fileRef = 77B5EDC0DCE9623F7E097D21 /* ofxOscMessage.cpp */; };
		2896801F376122306B4D5A88 /* ofxOscParameterSync.cpp in Sources */ = {isa = PBXBuildFile; fileRef = ACD62466CAD826B8417080FC /* ofxOscParameterSync.cpp */; };
		2995BE03E0AF01EE144199FE /* IpEndpointName.cpp in Sources */ = {isa = PBXBuildFile; fileRef = 9D27EE587DB33CCC88E36A76 /* IpEndpointName.cpp */; };
		5536D98D481F12D1FA064F8B /* tinyxml.cpp in Sources */ = {isa = PBXBuildFile; fileRef = AEB7E69FCCE7AD3D2FF7BE2E /* tinyxml.cpp */; };
		5F6BDB5F1F14E72BDFA8334F /* ofxButton.cpp in Sources */ = {isa = PBXBuildFile; fileRef = 5A4EC786203C23BF8AED16CA /* ofxButton.cpp */; };
		86E8CDE8BD2684BE4D21FC69 /* ofxSliderGroup.cpp in Sources */ = {isa = PBXBuildFile; fileRef = E57B017F9361F72A3EEC84A0 /* ofxSliderGroup.cpp */; };
		8AB230ADFE1837304ED20C77 /* UdpSocket.cpp in Sources */ = {isa = PBXBuildFile; fileRef = FE7237A77234AA360C7028AC /* UdpSocket.cpp */; };
		97DDB185AE61A01DB7877144 /* OscPrintReceivedElements.cpp in Sources */ = {isa = PBXBuildFile; fileRef = C370016DF7CEC826E9690EFB /* OscPrintReceivedElements.cpp */; };
		AA32A0EB1D8CCA607C800FAE /* threadedHID.cpp in Sources */ = {isa = PBXBuildFile; fileRef = 9769DFFA877AD6B3596E05BB /* threadedHID.cpp */; };
		AE78759206ED83DE99C81E34 /* ofxRawHID.cpp in Sources */ = {isa = PBXBuildFile; fileRef = 3CFA0D8F865659E0B2797580 /* ofxRawHID.cpp */; };
		B39B6E118F7EA754E449497B /* ofxSlider.cpp in Sources */ = {isa = PBXBuildFile; fileRef = 146B88E69AF5DAFE1C7DE361 /* ofxSlider.cpp */; };
		B6352D033101B5D4C4114017 /* OscTypes.cpp in Sources */ = {isa = PBXBuildFile; fileRef = 9CD77B7BD32C67BA7D51E065 /* OscTypes.cpp */; };
		BCF4334D4325A08B509CC82D /* ofxLabel.cpp in Sources */ = {isa = PBXBuildFile; fileRef = FB337218E9941C93FB09718E /* ofxLabel.cpp */; };
		BEBB926C3E1F5BCD7A504AE8 /* ofxGuiGroup.cpp in Sources */ = {isa = PBXBuildFile; fileRef = C9D2A1732D73DD57AAC0F262 /* ofxGuiGroup.cpp */; };
		C0A38DBEFEBBFC761C64EEC2 /* tinyxmlerror.cpp in Sources */ = {isa = PBXBuildFile; fileRef = 69F4399771422D974197FAAB /* tinyxmlerror.cpp */; };
		C4514EBB6FCD7A3B0B841A23 /* ofxOscReceiver.cpp in Sources */ = {isa = PBXBuildFile; fileRef = FA3C6232BC334A56A66D8E2C /* ofxOscReceiver.cpp */; };
		C9B6403E57F3CC5AAC8D0241 /* ofxPanel.cpp in Sources */ = {isa = PBXBuildFile; fileRef = 49D1A7E5B7521EF498DE492B /* ofxPanel.cpp */; };
		CC9BA0B91ACF89AF221402D8 /* ofxXmlSettings.cpp in Sources */ = {isa = PBXBuildFile; fileRef = BCFE89B37732C9A8B5E95475 /* ofxXmlSettings.cpp */; };
		D779BD97F9EF8B5579F16B9F /* hid.c in Sources */ = {isa = PBXBuildFile; fileRef = A7CDF616008A26B29D6E2620 /* hid.c */; };
		E4328149138ABC9F0047C5CB /* openFrameworksDebug.a in Frameworks */ = {isa = PBXBuildFile; fileRef = E4328148138ABC890047C5CB /* openFrameworksDebug.a */; };
		E4B69E200A3A1BDC003C02F2 /* main.cpp in Sources */ = {isa = PBXBuildFile; fileRef = E4B69E1D0A3A1BDC003C02F2 /* main.cpp */; };
		E4B69E210A3A1BDC003C02F2 /* ofApp.cpp in Sources */ = {isa = PBXBuildFile; fileRef = E4B69E1E0A3A1BDC003C02F2 /* ofApp.cpp */; };
		E862364D4A3021A8883D0C44 /* NetworkingUtils.cpp in Sources */ = {isa = PBXBuildFile; fileRef = 8ED545244F1686FBB9A24310 /* NetworkingUtils.cpp */; };
		F03F3B85845839D47FD286FA /* ofxBaseGui.cpp in Sources */ = {isa = PBXBuildFile; fileRef = 4E2128B02DC62EC86BF12F7E /* ofxBaseGui.cpp */; };
		F4B5772C046E5C8907B8ED71 /* raw_hid_WIN32.c in Sources */ = {isa = PBXBuildFile; fileRef = 20063D8BE338EF99E79C7A00 /* raw_hid_WIN32.c */; };
		F9B49B602E4642DFE1D4D319 /* threadedOSC.cpp in Sources */ = {isa = PBXBuildFile; fileRef = D17FE01FE144CDC3209C4E81 /* threadedOSC.cpp */; };
/* End PBXBuildFile section */

/* Begin PBXContainerItemProxy section */
		E4328147138ABC890047C5CB /* PBXContainerItemProxy */ = {
			isa = PBXContainerItemProxy;
			containerPortal = E4328143138ABC890047C5CB /* openFrameworksLib.xcodeproj */;
			proxyType = 2;
			remoteGlobalIDString = E4B27C1510CBEB8E00536013;
			remoteInfo = openFrameworks;
		};
		E4EEB9AB138B136A00A80321 /* PBXContainerItemProxy */ = {
			isa = PBXContainerItemProxy;
			containerPortal = E4328143138ABC890047C5CB /* openFrameworksLib.xcodeproj */;
			proxyType = 1;
			remoteGlobalIDString = E4B27C1410CBEB8E00536013;
			remoteInfo = openFrameworks;
		};
/* End PBXContainerItemProxy section */

/* Begin PBXCopyFilesBuildPhase section */
		E4C2427710CC5ABF004149E2 /* CopyFiles */ = {
			isa = PBXCopyFilesBuildPhase;
			buildActionMask = 2147483647;
			dstPath = "";
			dstSubfolderSpec = 10;
			files = (
			);
			runOnlyForDeploymentPostprocessing = 0;
		};
/* End PBXCopyFilesBuildPhase section */

/* Begin PBXFileReference section */
		02E271FD24F05BA60CB19D51 /* ofxOscSender.h */ = {isa = PBXFileReference; explicitFileType = sourcecode.c.h; fileEncoding = 30; name = ofxOscSender.h; path = ../../../../of_v0.9.7_osx_release/addons/ofxOsc/src/ofxOscSender.h; sourceTree = SOURCE_ROOT; };
		0AC23FAEB0CD8071DD541AED /* OscPacketListener.h */ = {isa = PBXFileReference; explicitFileType = sourcecode.c.h; fileEncoding = 30; name = OscPacketListener.h; path = ../../../../of_v0.9.7_osx_release/addons/ofxOsc/libs/oscpack/src/osc/OscPacketListener.h; sourceTree = SOURCE_ROOT; };
		0FC957AD1DD26AD3005C6EC9 /* BaseEngine.cpp */ = {isa = PBXFileReference; lastKnownFileType = sourcecode.cpp.cpp; path = BaseEngine.cpp; sourceTree = "<group>"; };
		0FC957AE1DD26AD3005C6EC9 /* BaseEngine.h */ = {isa = PBXFileReference; lastKnownFileType = sourcecode.c.h; path = BaseEngine.h; sourceTree = "<group>"; };
		0FC957AF1DD26AD3005C6EC9 /* BaseTheme.cpp */ = {isa = PBXFileReference; lastKnownFileType = sourcecode.cpp.cpp; path = BaseTheme.cpp; sourceTree = "<group>"; };
		0FC957B01DD26AD3005C6EC9 /* BaseTheme.h */ = {isa = PBXFileReference; lastKnownFileType = sourcecode.c.h; path = BaseTheme.h; sourceTree = "<group>"; };
		0FC957B11DD26AD3005C6EC9 /* EngineGLFW.cpp */ = {isa = PBXFileReference; lastKnownFileType = sourcecode.cpp.cpp; path = EngineGLFW.cpp; sourceTree = "<group>"; };
		0FC957B21DD26AD3005C6EC9 /* EngineGLFW.h */ = {isa = PBXFileReference; lastKnownFileType = sourcecode.c.h; path = EngineGLFW.h; sourceTree = "<group>"; };
		0FC957B31DD26AD3005C6EC9 /* EngineOpenGLES.cpp */ = {isa = PBXFileReference; lastKnownFileType = sourcecode.cpp.cpp; path = EngineOpenGLES.cpp; sourceTree = "<group>"; };
		0FC957B41DD26AD3005C6EC9 /* EngineOpenGLES.h */ = {isa = PBXFileReference; lastKnownFileType = sourcecode.c.h; path = EngineOpenGLES.h; sourceTree = "<group>"; };
		0FC957B51DD26AD3005C6EC9 /* imconfig.h */ = {isa = PBXFileReference; lastKnownFileType = sourcecode.c.h; path = imconfig.h; sourceTree = "<group>"; };
		0FC957B61DD26AD3005C6EC9 /* ofxImGui.cpp */ = {isa = PBXFileReference; lastKnownFileType = sourcecode.cpp.cpp; path = ofxImGui.cpp; sourceTree = "<group>"; };
		0FC957B71DD26AD3005C6EC9 /* ofxImGui.h */ = {isa = PBXFileReference; lastKnownFileType = sourcecode.c.h; path = ofxImGui.h; sourceTree = "<group>"; };
		0FC957B81DD26AD3005C6EC9 /* ThemeTest.h */ = {isa = PBXFileReference; lastKnownFileType = sourcecode.c.h; path = ThemeTest.h; sourceTree = "<group>"; };
		0FC957BC1DD26AD3005C6EC9 /* imgui.cpp */ = {isa = PBXFileReference; lastKnownFileType = sourcecode.cpp.cpp; path = imgui.cpp; sourceTree = "<group>"; };
		0FC957BD1DD26AD3005C6EC9 /* imgui.h */ = {isa = PBXFileReference; lastKnownFileType = sourcecode.c.h; path = imgui.h; sourceTree = "<group>"; };
		0FC957BE1DD26AD3005C6EC9 /* imgui_demo.cpp */ = {isa = PBXFileReference; lastKnownFileType = sourcecode.cpp.cpp; path = imgui_demo.cpp; sourceTree = "<group>"; };
		0FC957BF1DD26AD3005C6EC9 /* imgui_draw.cpp */ = {isa = PBXFileReference; lastKnownFileType = sourcecode.cpp.cpp; path = imgui_draw.cpp; sourceTree = "<group>"; };
		0FC957C01DD26AD3005C6EC9 /* imgui_internal.h */ = {isa = PBXFileReference; lastKnownFileType = sourcecode.c.h; path = imgui_internal.h; sourceTree = "<group>"; };
		0FC957C11DD26AD3005C6EC9 /* LICENSE */ = {isa = PBXFileReference; lastKnownFileType = text; path = LICENSE; sourceTree = "<group>"; };
		0FC957C21DD26AD3005C6EC9 /* README.md */ = {isa = PBXFileReference; lastKnownFileType = net.daringfireball.markdown; path = README.md; sourceTree = "<group>"; };
		0FC957C31DD26AD3005C6EC9 /* stb_rect_pack.h */ = {isa = PBXFileReference; lastKnownFileType = sourcecode.c.h; path = stb_rect_pack.h; sourceTree = "<group>"; };
		0FC957C41DD26AD3005C6EC9 /* stb_textedit.h */ = {isa = PBXFileReference; lastKnownFileType = sourcecode.c.h; path = stb_textedit.h; sourceTree = "<group>"; };
		0FC957C51DD26AD3005C6EC9 /* stb_truetype.h */ = {isa = PBXFileReference; lastKnownFileType = sourcecode.c.h; path = stb_truetype.h; sourceTree = "<group>"; };
		146B88E69AF5DAFE1C7DE361 /* ofxSlider.cpp */ = {isa = PBXFileReference; explicitFileType = sourcecode.cpp.cpp; fileEncoding = 30; name = ofxSlider.cpp; path = ../../../../of_v0.9.7_osx_release/addons/ofxGui/src/ofxSlider.cpp; sourceTree = SOURCE_ROOT; };
		164FC04AFEC5BB948E7A0D99 /* ofxBaseGui.h */ = {isa = PBXFileReference; explicitFileType = sourcecode.c.h; fileEncoding = 30; name = ofxBaseGui.h; path = ../../../../of_v0.9.7_osx_release/addons/ofxGui/src/ofxBaseGui.h; sourceTree = SOURCE_ROOT; };
		1A802A427C5501C9275F9B79 /* ofxGuiGroup.h */ = {isa = PBXFileReference; explicitFileType = sourcecode.c.h; fileEncoding = 30; name = ofxGuiGroup.h; path = ../../../../of_v0.9.7_osx_release/addons/ofxGui/src/ofxGuiGroup.h; sourceTree = SOURCE_ROOT; };
		20063D8BE338EF99E79C7A00 /* raw_hid_WIN32.c */ = {isa = PBXFileReference; explicitFileType = sourcecode.c.c; fileEncoding = 30; name = raw_hid_WIN32.c; path = src/raw_hid_WIN32.c; sourceTree = SOURCE_ROOT; };
		210F109BE850E4006BEC97CE /* ofxOscBundle.cpp */ = {isa = PBXFileReference; explicitFileType = sourcecode.cpp.cpp; fileEncoding = 30; name = ofxOscBundle.cpp; path = ../../../../of_v0.9.7_osx_release/addons/ofxOsc/src/ofxOscBundle.cpp; sourceTree = SOURCE_ROOT; };
		26864C7F4D2CB1511539F95E /* OscReceivedElements.cpp */ = {isa = PBXFileReference; explicitFileType = sourcecode.cpp.cpp; fileEncoding = 30; name = OscReceivedElements.cpp; path = ../../../../of_v0.9.7_osx_release/addons/ofxOsc/libs/oscpack/src/osc/OscReceivedElements.cpp; sourceTree = SOURCE_ROOT; };
		2791EA7B9A6AF7747F5061FD /* threadedOSC.h */ = {isa = PBXFileReference; explicitFileType = sourcecode.c.h; fileEncoding = 30; name = threadedOSC.h; path = src/threadedOSC.h; sourceTree = SOURCE_ROOT; };
		2E98CC390F025E7D0B8A4E33 /* tinyxmlparser.cpp */ = {isa = PBXFileReference; explicitFileType = sourcecode.cpp.cpp; fileEncoding = 30; name = tinyxmlparser.cpp; path = ../../../../of_v0.9.7_osx_release/addons/ofxXmlSettings/libs/tinyxmlparser.cpp; sourceTree = SOURCE_ROOT; };
		2FD1588F468C6AE5B067B2B2 /* ofxGui.h */ = {isa = PBXFileReference; explicitFileType = sourcecode.c.h; fileEncoding = 30; name = ofxGui.h; path = ../../../../of_v0.9.7_osx_release/addons/ofxGui/src/ofxGui.h; sourceTree = SOURCE_ROOT; };
		3B2E4C9A505B92753DDAF6DE /* ofxSlider.h */ = {isa = PBXFileReference; explicitFileType = sourcecode.c.h; fileEncoding = 30; name = ofxSlider.h; path = ../../../../of_v0.9.7_osx_release/addons/ofxGui/src/ofxSlider.h; sourceTree = SOURCE_ROOT; };
		3C2387A9840188628A48B18D /* OscPrintReceivedElements.h */ = {isa = PBXFileReference; explicitFileType = sourcecode.c.h; fileEncoding = 30; name = OscPrintReceivedElements.h; path = ../../../../of_v0.9.7_osx_release/addons/ofxOsc/libs/oscpack/src/osc/OscPrintReceivedElements.h; sourceTree = SOURCE_ROOT; };
		3CFA0D8F865659E0B2797580 /* ofxRawHID.cpp */ = {isa = PBXFileReference; explicitFileType = sourcecode.cpp.cpp; fileEncoding = 30; name = ofxRawHID.cpp; path = src/ofxRawHID.cpp; sourceTree = SOURCE_ROOT; };
		447CD6DD87D12C85554F0865 /* ofxOscSender.cpp */ = {isa = PBXFileReference; explicitFileType = sourcecode.cpp.cpp; fileEncoding = 30; name = ofxOscSender.cpp; path = ../../../../of_v0.9.7_osx_release/addons/ofxOsc/src/ofxOscSender.cpp; sourceTree = SOURCE_ROOT; };
		46A99281FF3496CA542D0303 /* MessageMappingOscPacketListener.h */ = {isa = PBXFileReference; explicitFileType = sourcecode.c.h; fileEncoding = 30; name = MessageMappingOscPacketListener.h; path = ../../../../of_v0.9.7_osx_release/addons/ofxOsc/libs/oscpack/src/osc/MessageMappingOscPacketListener.h; sourceTree = SOURCE_ROOT; };
		49CF57D544B9A79AD5F655CD /* TimerListener.h */ = {isa = PBXFileReference; explicitFileType = sourcecode.c.h; fileEncoding = 30; name = TimerListener.h; path = ../../../../of_v0.9.7_osx_release/addons/ofxOsc/libs/oscpack/src/ip/TimerListener.h; sourceTree = SOURCE_ROOT; };
		49D1A7E5B7521EF498DE492B /* ofxPanel.cpp */ = {isa = PBXFileReference; explicitFileType = sourcecode.cpp.cpp; fileEncoding = 30; name = ofxPanel.cpp; path = ../../../../of_v0.9.7_osx_release/addons/ofxGui/src/ofxPanel.cpp; sourceTree = SOURCE_ROOT; };
		4E2128B02DC62EC86BF12F7E /* ofxBaseGui.cpp */ = {isa = PBXFileReference; explicitFileType = sourcecode.cpp.cpp; fileEncoding = 30; name = ofxBaseGui.cpp; path = ../../../../of_v0.9.7_osx_release/addons/ofxGui/src/ofxBaseGui.cpp; sourceTree = SOURCE_ROOT; };
		528B3FB1A908E1EC9BFD1241 /* OscReceivedElements.h */ = {isa = PBXFileReference; explicitFileType = sourcecode.c.h; fileEncoding = 30; name = OscReceivedElements.h; path = ../../../../of_v0.9.7_osx_release/addons/ofxOsc/libs/oscpack/src/osc/OscReceivedElements.h; sourceTree = SOURCE_ROOT; };
		5A4EC786203C23BF8AED16CA /* ofxButton.cpp */ = {isa = PBXFileReference; explicitFileType = sourcecode.cpp.cpp; fileEncoding = 30; name = ofxButton.cpp; path = ../../../../of_v0.9.7_osx_release/addons/ofxGui/src/ofxButton.cpp; sourceTree = SOURCE_ROOT; };
		5AA63EC62597813EA1B87E92 /* sabreAir.h */ = {isa = PBXFileReference; explicitFileType = sourcecode.c.h; fileEncoding = 30; name = sabreAir.h; path = src/sabreAir.h; sourceTree = SOURCE_ROOT; };
		66CB8E89D426DBB1F78713BC /* ofxOsc.h */ = {isa = PBXFileReference; explicitFileType = sourcecode.c.h; fileEncoding = 30; name = ofxOsc.h; path = ../../../../of_v0.9.7_osx_release/addons/ofxOsc/src/ofxOsc.h; sourceTree = SOURCE_ROOT; };
		69F4399771422D974197FAAB /* tinyxmlerror.cpp */ = {isa = PBXFileReference; explicitFileType = sourcecode.cpp.cpp; fileEncoding = 30; name = tinyxmlerror.cpp; path = ../../../../of_v0.9.7_osx_release/addons/ofxXmlSettings/libs/tinyxmlerror.cpp; sourceTree = SOURCE_ROOT; };
		6BA9E95D468DC33DE23A10F5 /* ofxToggle.cpp */ = {isa = PBXFileReference; explicitFileType = sourcecode.cpp.cpp; fileEncoding = 30; name = ofxToggle.cpp; path = ../../../../of_v0.9.7_osx_release/addons/ofxGui/src/ofxToggle.cpp; sourceTree = SOURCE_ROOT; };
		6E56780E7C0D618AD8786D31 /* IpEndpointName.h */ = {isa = PBXFileReference; explicitFileType = sourcecode.c.h; fileEncoding = 30; name = IpEndpointName.h; path = ../../../../of_v0.9.7_osx_release/addons/ofxOsc/libs/oscpack/src/ip/IpEndpointName.h; sourceTree = SOURCE_ROOT; };
		73D8A77607AF1EEB8A96BB01 /* ofxXmlSettings.h */ = {isa = PBXFileReference; explicitFileType = sourcecode.c.h; fileEncoding = 30; name = ofxXmlSettings.h; path = ../../../../of_v0.9.7_osx_release/addons/ofxXmlSettings/src/ofxXmlSettings.h; sourceTree = SOURCE_ROOT; };
		77B5EDC0DCE9623F7E097D21 /* ofxOscMessage.cpp */ = {isa = PBXFileReference; explicitFileType = sourcecode.cpp.cpp; fileEncoding = 30; name = ofxOscMessage.cpp; path = ../../../../of_v0.9.7_osx_release/addons/ofxOsc/src/ofxOscMessage.cpp; sourceTree = SOURCE_ROOT; };
		7B9863B9FE540BF4D146F9E5 /* raw_hid_WIN32.h */ = {isa = PBXFileReference; explicitFileType = sourcecode.c.h; fileEncoding = 30; name = raw_hid_WIN32.h; path = src/raw_hid_WIN32.h; sourceTree = SOURCE_ROOT; };
		8ED545244F1686FBB9A24310 /* NetworkingUtils.cpp */ = {isa = PBXFileReference; explicitFileType = sourcecode.cpp.cpp; fileEncoding = 30; name = NetworkingUtils.cpp; path = ../../../../of_v0.9.7_osx_release/addons/ofxOsc/libs/oscpack/src/ip/posix/NetworkingUtils.cpp; sourceTree = SOURCE_ROOT; };
		9116DE29B59617C7CE845444 /* ofxToggle.h */ = {isa = PBXFileReference; explicitFileType = sourcecode.c.h; fileEncoding = 30; name = ofxToggle.h; path = ../../../../of_v0.9.7_osx_release/addons/ofxGui/src/ofxToggle.h; sourceTree = SOURCE_ROOT; };
		91CB865BAAA84924342C4881 /* tinyxml.h */ = {isa = PBXFileReference; explicitFileType = sourcecode.c.h; fileEncoding = 30; name = tinyxml.h; path = ../../../../of_v0.9.7_osx_release/addons/ofxXmlSettings/libs/tinyxml.h; sourceTree = SOURCE_ROOT; };
		9769DFFA877AD6B3596E05BB /* threadedHID.cpp */ = {isa = PBXFileReference; explicitFileType = sourcecode.cpp.cpp; fileEncoding = 30; name = threadedHID.cpp; path = src/threadedHID.cpp; sourceTree = SOURCE_ROOT; };
		9CD77B7BD32C67BA7D51E065 /* OscTypes.cpp */ = {isa = PBXFileReference; explicitFileType = sourcecode.cpp.cpp; fileEncoding = 30; name = OscTypes.cpp; path = ../../../../of_v0.9.7_osx_release/addons/ofxOsc/libs/oscpack/src/osc/OscTypes.cpp; sourceTree = SOURCE_ROOT; };
		9D27EE587DB33CCC88E36A76 /* IpEndpointName.cpp */ = {isa = PBXFileReference; explicitFileType = sourcecode.cpp.cpp; fileEncoding = 30; name = IpEndpointName.cpp; path = ../../../../of_v0.9.7_osx_release/addons/ofxOsc/libs/oscpack/src/ip/IpEndpointName.cpp; sourceTree = SOURCE_ROOT; };
		9EC2A71A895FF645851A6B0E /* sabreMidiNote.h */ = {isa = PBXFileReference; explicitFileType = sourcecode.c.h; fileEncoding = 30; name = sabreMidiNote.h; path = src/sabreMidiNote.h; sourceTree = SOURCE_ROOT; };
		A0C995FAEC02FA794C5A2588 /* OscException.h */ = {isa = PBXFileReference; explicitFileType = sourcecode.c.h; fileEncoding = 30; name = OscException.h; path = ../../../../of_v0.9.7_osx_release/addons/ofxOsc/libs/oscpack/src/osc/OscException.h; sourceTree = SOURCE_ROOT; };
		A201065E4873CC00EF12909E /* ofxOscReceiver.h */ = {isa = PBXFileReference; explicitFileType = sourcecode.c.h; fileEncoding = 30; name = ofxOscReceiver.h; path = ../../../../of_v0.9.7_osx_release/addons/ofxOsc/src/ofxOscReceiver.h; sourceTree = SOURCE_ROOT; };
		A7CDF616008A26B29D6E2620 /* hid.c */ = {isa = PBXFileReference; explicitFileType = sourcecode.c.c; fileEncoding = 30; name = hid.c; path = src/hid.c; sourceTree = SOURCE_ROOT; };
		ACD62466CAD826B8417080FC /* ofxOscParameterSync.cpp */ = {isa = PBXFileReference; explicitFileType = sourcecode.cpp.cpp; fileEncoding = 30; name = ofxOscParameterSync.cpp; path = ../../../../of_v0.9.7_osx_release/addons/ofxOsc/src/ofxOscParameterSync.cpp; sourceTree = SOURCE_ROOT; };
		AD496724E6B1A0057169D4AA /* threadedHID.h */ = {isa = PBXFileReference; explicitFileType = sourcecode.c.h; fileEncoding = 30; name = threadedHID.h; path = src/threadedHID.h; sourceTree = SOURCE_ROOT; };
		AEB7E69FCCE7AD3D2FF7BE2E /* tinyxml.cpp */ = {isa = PBXFileReference; explicitFileType = sourcecode.cpp.cpp; fileEncoding = 30; name = tinyxml.cpp; path = ../../../../of_v0.9.7_osx_release/addons/ofxXmlSettings/libs/tinyxml.cpp; sourceTree = SOURCE_ROOT; };
		B587BD56D32FAA4F64BB7D67 /* ofxOscBundle.h */ = {isa = PBXFileReference; explicitFileType = sourcecode.c.h; fileEncoding = 30; name = ofxOscBundle.h; path = ../../../../of_v0.9.7_osx_release/addons/ofxOsc/src/ofxOscBundle.h; sourceTree = SOURCE_ROOT; };
		B8B23ED91BB312B43D1EA32B /* ofxLabel.h */ = {isa = PBXFileReference; explicitFileType = sourcecode.c.h; fileEncoding = 30; name = ofxLabel.h; path = ../../../../of_v0.9.7_osx_release/addons/ofxGui/src/ofxLabel.h; sourceTree = SOURCE_ROOT; };
		BCFE89B37732C9A8B5E95475 /* ofxXmlSettings.cpp */ = {isa = PBXFileReference; explicitFileType = sourcecode.cpp.cpp; fileEncoding = 30; name = ofxXmlSettings.cpp; path = ../../../../of_v0.9.7_osx_release/addons/ofxXmlSettings/src/ofxXmlSettings.cpp; sourceTree = SOURCE_ROOT; };
		C370016DF7CEC826E9690EFB /* OscPrintReceivedElements.cpp */ = {isa = PBXFileReference; explicitFileType = sourcecode.cpp.cpp; fileEncoding = 30; name = OscPrintReceivedElements.cpp; path = ../../../../of_v0.9.7_osx_release/addons/ofxOsc/libs/oscpack/src/osc/OscPrintReceivedElements.cpp; sourceTree = SOURCE_ROOT; };
		C77171EF87D913DDCF17F61B /* ofxPanel.h */ = {isa = PBXFileReference; explicitFileType = sourcecode.c.h; fileEncoding = 30; name = ofxPanel.h; path = ../../../../of_v0.9.7_osx_release/addons/ofxGui/src/ofxPanel.h; sourceTree = SOURCE_ROOT; };
		C915E4B165C7FDB8BD3F4DF8 /* ofxRawHID.h */ = {isa = PBXFileReference; explicitFileType = sourcecode.c.h; fileEncoding = 30; name = ofxRawHID.h; path = src/ofxRawHID.h; sourceTree = SOURCE_ROOT; };
		C9D2A1732D73DD57AAC0F262 /* ofxGuiGroup.cpp */ = {isa = PBXFileReference; explicitFileType = sourcecode.cpp.cpp; fileEncoding = 30; name = ofxGuiGroup.cpp; path = ../../../../of_v0.9.7_osx_release/addons/ofxGui/src/ofxGuiGroup.cpp; sourceTree = SOURCE_ROOT; };
		D17FE01FE144CDC3209C4E81 /* threadedOSC.cpp */ = {isa = PBXFileReference; explicitFileType = sourcecode.cpp.cpp; fileEncoding = 30; name = threadedOSC.cpp; path = src/threadedOSC.cpp; sourceTree = SOURCE_ROOT; };
		D731D8D865BFA07B0471F2B4 /* ofxOscParameterSync.h */ = {isa = PBXFileReference; explicitFileType = sourcecode.c.h; fileEncoding = 30; name = ofxOscParameterSync.h; path = ../../../../of_v0.9.7_osx_release/addons/ofxOsc/src/ofxOscParameterSync.h; sourceTree = SOURCE_ROOT; };
		DA5827DE26203619DB7DE487 /* OscHostEndianness.h */ = {isa = PBXFileReference; explicitFileType = sourcecode.c.h; fileEncoding = 30; name = OscHostEndianness.h; path = ../../../../of_v0.9.7_osx_release/addons/ofxOsc/libs/oscpack/src/osc/OscHostEndianness.h; sourceTree = SOURCE_ROOT; };
		E17BE5880007B1111FFC532A /* ofxOscMessage.h */ = {isa = PBXFileReference; explicitFileType = sourcecode.c.h; fileEncoding = 30; name = ofxOscMessage.h; path = ../../../../of_v0.9.7_osx_release/addons/ofxOsc/src/ofxOscMessage.h; sourceTree = SOURCE_ROOT; };
		E4328143138ABC890047C5CB /* openFrameworksLib.xcodeproj */ = {isa = PBXFileReference; lastKnownFileType = "wrapper.pb-project"; name = openFrameworksLib.xcodeproj; path = ../../../../of_v0.9.7_osx_release/libs/openFrameworksCompiled/project/osx/openFrameworksLib.xcodeproj; sourceTree = SOURCE_ROOT; };
		E4B69B5B0A3A1756003C02F2 /* sabreServerDebug.app */ = {isa = PBXFileReference; explicitFileType = wrapper.application; includeInIndex = 0; path = sabreServerDebug.app; sourceTree = BUILT_PRODUCTS_DIR; };
		E4B69E1D0A3A1BDC003C02F2 /* main.cpp */ = {isa = PBXFileReference; fileEncoding = 30; lastKnownFileType = sourcecode.cpp.cpp; name = main.cpp; path = src/main.cpp; sourceTree = SOURCE_ROOT; };
		E4B69E1E0A3A1BDC003C02F2 /* ofApp.cpp */ = {isa = PBXFileReference; explicitFileType = sourcecode.cpp.cpp; fileEncoding = 30; name = ofApp.cpp; path = src/ofApp.cpp; sourceTree = SOURCE_ROOT; };
		E4B69E1F0A3A1BDC003C02F2 /* ofApp.h */ = {isa = PBXFileReference; fileEncoding = 30; lastKnownFileType = sourcecode.c.h; name = ofApp.h; path = src/ofApp.h; sourceTree = SOURCE_ROOT; };
		E4B6FCAD0C3E899E008CF71C /* openFrameworks-Info.plist */ = {isa = PBXFileReference; fileEncoding = 30; lastKnownFileType = text.plist.xml; path = "openFrameworks-Info.plist"; sourceTree = "<group>"; };
		E4E7E939BC8AB269B78FFAB3 /* ofxButton.h */ = {isa = PBXFileReference; explicitFileType = sourcecode.c.h; fileEncoding = 30; name = ofxButton.h; path = ../../../../of_v0.9.7_osx_release/addons/ofxGui/src/ofxButton.h; sourceTree = SOURCE_ROOT; };
		E4EB691F138AFCF100A09F29 /* CoreOF.xcconfig */ = {isa = PBXFileReference; fileEncoding = 4; lastKnownFileType = text.xcconfig; name = CoreOF.xcconfig; path = ../../../../of_v0.9.7_osx_release/libs/openFrameworksCompiled/project/osx/CoreOF.xcconfig; sourceTree = SOURCE_ROOT; };
		E4EB6923138AFD0F00A09F29 /* Project.xcconfig */ = {isa = PBXFileReference; fileEncoding = 4; lastKnownFileType = text.xcconfig; path = Project.xcconfig; sourceTree = "<group>"; };
		E57B017F9361F72A3EEC84A0 /* ofxSliderGroup.cpp */ = {isa = PBXFileReference; explicitFileType = sourcecode.cpp.cpp; fileEncoding = 30; name = ofxSliderGroup.cpp; path = ../../../../of_v0.9.7_osx_release/addons/ofxGui/src/ofxSliderGroup.cpp; sourceTree = SOURCE_ROOT; };
		EEE66988BDE2256BAFFF44B2 /* hidapi.h */ = {isa = PBXFileReference; explicitFileType = sourcecode.c.h; fileEncoding = 30; name = hidapi.h; path = src/hidapi.h; sourceTree = SOURCE_ROOT; };
		F0300BC8C615C6512E361160 /* PacketListener.h */ = {isa = PBXFileReference; explicitFileType = sourcecode.c.h; fileEncoding = 30; name = PacketListener.h; path = ../../../../of_v0.9.7_osx_release/addons/ofxOsc/libs/oscpack/src/ip/PacketListener.h; sourceTree = SOURCE_ROOT; };
		F0E139ADD6F7AED3D882B820 /* OscOutboundPacketStream.cpp */ = {isa = PBXFileReference; explicitFileType = sourcecode.cpp.cpp; fileEncoding = 30; name = OscOutboundPacketStream.cpp; path = ../../../../of_v0.9.7_osx_release/addons/ofxOsc/libs/oscpack/src/osc/OscOutboundPacketStream.cpp; sourceTree = SOURCE_ROOT; };
		F17AFC192A194F2D31F96CF6 /* sabreKeys.h */ = {isa = PBXFileReference; explicitFileType = sourcecode.c.h; fileEncoding = 30; name = sabreKeys.h; path = src/sabreKeys.h; sourceTree = SOURCE_ROOT; };
		F4903DB1A4E90023019D9955 /* UdpSocket.h */ = {isa = PBXFileReference; explicitFileType = sourcecode.c.h; fileEncoding = 30; name = UdpSocket.h; path = ../../../../of_v0.9.7_osx_release/addons/ofxOsc/libs/oscpack/src/ip/UdpSocket.h; sourceTree = SOURCE_ROOT; };
		F80998610612682BE043C0E2 /* OscTypes.h */ = {isa = PBXFileReference; explicitFileType = sourcecode.c.h; fileEncoding = 30; name = OscTypes.h; path = ../../../../of_v0.9.7_osx_release/addons/ofxOsc/libs/oscpack/src/osc/OscTypes.h; sourceTree = SOURCE_ROOT; };
		F88ECCE0BD65094467905D1A /* ofxOscArg.h */ = {isa = PBXFileReference; explicitFileType = sourcecode.c.h; fileEncoding = 30; name = ofxOscArg.h; path = ../../../../of_v0.9.7_osx_release/addons/ofxOsc/src/ofxOscArg.h; sourceTree = SOURCE_ROOT; };
		F9205E41ECC58076CD122011 /* NetworkingUtils.h */ = {isa = PBXFileReference; explicitFileType = sourcecode.c.h; fileEncoding = 30; name = NetworkingUtils.h; path = ../../../../of_v0.9.7_osx_release/addons/ofxOsc/libs/oscpack/src/ip/NetworkingUtils.h; sourceTree = SOURCE_ROOT; };
		FA3C6232BC334A56A66D8E2C /* ofxOscReceiver.cpp */ = {isa = PBXFileReference; explicitFileType = sourcecode.cpp.cpp; fileEncoding = 30; name = ofxOscReceiver.cpp; path = ../../../../of_v0.9.7_osx_release/addons/ofxOsc/src/ofxOscReceiver.cpp; sourceTree = SOURCE_ROOT; };
		FB337218E9941C93FB09718E /* ofxLabel.cpp */ = {isa = PBXFileReference; explicitFileType = sourcecode.cpp.cpp; fileEncoding = 30; name = ofxLabel.cpp; path = ../../../../of_v0.9.7_osx_release/addons/ofxGui/src/ofxLabel.cpp; sourceTree = SOURCE_ROOT; };
		FD2E0D736D1E59586BF3907F /* ofxSliderGroup.h */ = {isa = PBXFileReference; explicitFileType = sourcecode.c.h; fileEncoding = 30; name = ofxSliderGroup.h; path = ../../../../of_v0.9.7_osx_release/addons/ofxGui/src/ofxSliderGroup.h; sourceTree = SOURCE_ROOT; };
		FE7237A77234AA360C7028AC /* UdpSocket.cpp */ = {isa = PBXFileReference; explicitFileType = sourcecode.cpp.cpp; fileEncoding = 30; name = UdpSocket.cpp; path = ../../../../of_v0.9.7_osx_release/addons/ofxOsc/libs/oscpack/src/ip/posix/UdpSocket.cpp; sourceTree = SOURCE_ROOT; };
		FF63EE35D9B110B5E530D325 /* OscOutboundPacketStream.h */ = {isa = PBXFileReference; explicitFileType = sourcecode.c.h; fileEncoding = 30; name = OscOutboundPacketStream.h; path = ../../../../of_v0.9.7_osx_release/addons/ofxOsc/libs/oscpack/src/osc/OscOutboundPacketStream.h; sourceTree = SOURCE_ROOT; };
/* End PBXFileReference section */

/* Begin PBXFrameworksBuildPhase section */
		E4B69B590A3A1756003C02F2 /* Frameworks */ = {
			isa = PBXFrameworksBuildPhase;
			buildActionMask = 2147483647;
			files = (
				E4328149138ABC9F0047C5CB /* openFrameworksDebug.a in Frameworks */,
			);
			runOnlyForDeploymentPostprocessing = 0;
		};
/* End PBXFrameworksBuildPhase section */

/* Begin PBXGroup section */
		0FC957AB1DD26AD3005C6EC9 /* ofxImGui */ = {
			isa = PBXGroup;
			children = (
				0FC957AC1DD26AD3005C6EC9 /* src */,
				0FC957B91DD26AD3005C6EC9 /* libs */,
			);
			name = ofxImGui;
			sourceTree = "<group>";
		};
		0FC957AC1DD26AD3005C6EC9 /* src */ = {
			isa = PBXGroup;
			children = (
				0FC957AD1DD26AD3005C6EC9 /* BaseEngine.cpp */,
				0FC957AE1DD26AD3005C6EC9 /* BaseEngine.h */,
				0FC957AF1DD26AD3005C6EC9 /* BaseTheme.cpp */,
				0FC957B01DD26AD3005C6EC9 /* BaseTheme.h */,
				0FC957B11DD26AD3005C6EC9 /* EngineGLFW.cpp */,
				0FC957B21DD26AD3005C6EC9 /* EngineGLFW.h */,
				0FC957B31DD26AD3005C6EC9 /* EngineOpenGLES.cpp */,
				0FC957B41DD26AD3005C6EC9 /* EngineOpenGLES.h */,
				0FC957B51DD26AD3005C6EC9 /* imconfig.h */,
				0FC957B61DD26AD3005C6EC9 /* ofxImGui.cpp */,
				0FC957B71DD26AD3005C6EC9 /* ofxImGui.h */,
				0FC957B81DD26AD3005C6EC9 /* ThemeTest.h */,
			);
			name = src;
			path = ../../../addons/ofxImGui/src;
			sourceTree = "<group>";
		};
		0FC957B91DD26AD3005C6EC9 /* libs */ = {
			isa = PBXGroup;
			children = (
				0FC957BA1DD26AD3005C6EC9 /* imgui */,
			);
			name = libs;
			path = ../../../addons/ofxImGui/libs;
			sourceTree = "<group>";
		};
		0FC957BA1DD26AD3005C6EC9 /* imgui */ = {
			isa = PBXGroup;
			children = (
				0FC957BB1DD26AD3005C6EC9 /* src */,
			);
			path = imgui;
			sourceTree = "<group>";
		};
		0FC957BB1DD26AD3005C6EC9 /* src */ = {
			isa = PBXGroup;
			children = (
				0FC957BC1DD26AD3005C6EC9 /* imgui.cpp */,
				0FC957BD1DD26AD3005C6EC9 /* imgui.h */,
				0FC957BE1DD26AD3005C6EC9 /* imgui_demo.cpp */,
				0FC957BF1DD26AD3005C6EC9 /* imgui_draw.cpp */,
				0FC957C01DD26AD3005C6EC9 /* imgui_internal.h */,
				0FC957C11DD26AD3005C6EC9 /* LICENSE */,
				0FC957C21DD26AD3005C6EC9 /* README.md */,
				0FC957C31DD26AD3005C6EC9 /* stb_rect_pack.h */,
				0FC957C41DD26AD3005C6EC9 /* stb_textedit.h */,
				0FC957C51DD26AD3005C6EC9 /* stb_truetype.h */,
			);
			path = src;
			sourceTree = "<group>";
		};
		1F4FB5C423662B96ADFDCC0B /* ofxXmlSettings */ = {
			isa = PBXGroup;
			children = (
				6ECEF0D76BC33727823EADFF /* src */,
				6E54289412D2D94F45A05113 /* libs */,
			);
			name = ofxXmlSettings;
			sourceTree = "<group>";
		};
		30CB364908817057B430D528 /* osc */ = {
			isa = PBXGroup;
			children = (
				46A99281FF3496CA542D0303 /* MessageMappingOscPacketListener.h */,
				A0C995FAEC02FA794C5A2588 /* OscException.h */,
				DA5827DE26203619DB7DE487 /* OscHostEndianness.h */,
				F0E139ADD6F7AED3D882B820 /* OscOutboundPacketStream.cpp */,
				FF63EE35D9B110B5E530D325 /* OscOutboundPacketStream.h */,
				0AC23FAEB0CD8071DD541AED /* OscPacketListener.h */,
				C370016DF7CEC826E9690EFB /* OscPrintReceivedElements.cpp */,
				3C2387A9840188628A48B18D /* OscPrintReceivedElements.h */,
				26864C7F4D2CB1511539F95E /* OscReceivedElements.cpp */,
				528B3FB1A908E1EC9BFD1241 /* OscReceivedElements.h */,
				9CD77B7BD32C67BA7D51E065 /* OscTypes.cpp */,
				F80998610612682BE043C0E2 /* OscTypes.h */,
			);
			name = osc;
			sourceTree = "<group>";
		};
		38871A5825686AE018EC2BF0 /* libs */ = {
			isa = PBXGroup;
			children = (
				86D2677079A3AF4A5A88E29A /* oscpack */,
			);
			name = libs;
			sourceTree = "<group>";
		};
		480A780D8D0308AE4A368801 /* ofxGui */ = {
			isa = PBXGroup;
			children = (
				A763ED608B35AE3310251DEE /* src */,
			);
			name = ofxGui;
			sourceTree = "<group>";
		};
		641362CA659FAFEE4E81001B /* posix */ = {
			isa = PBXGroup;
			children = (
				8ED545244F1686FBB9A24310 /* NetworkingUtils.cpp */,
				FE7237A77234AA360C7028AC /* UdpSocket.cpp */,
			);
			name = posix;
			sourceTree = "<group>";
		};
		6948EE371B920CB800B5AC1A /* local_addons */ = {
			isa = PBXGroup;
			children = (
			);
			name = local_addons;
			sourceTree = "<group>";
		};
		6E54289412D2D94F45A05113 /* libs */ = {
			isa = PBXGroup;
			children = (
				AEB7E69FCCE7AD3D2FF7BE2E /* tinyxml.cpp */,
				91CB865BAAA84924342C4881 /* tinyxml.h */,
				69F4399771422D974197FAAB /* tinyxmlerror.cpp */,
				2E98CC390F025E7D0B8A4E33 /* tinyxmlparser.cpp */,
			);
			name = libs;
			sourceTree = "<group>";
		};
		6ECEF0D76BC33727823EADFF /* src */ = {
			isa = PBXGroup;
			children = (
				BCFE89B37732C9A8B5E95475 /* ofxXmlSettings.cpp */,
				73D8A77607AF1EEB8A96BB01 /* ofxXmlSettings.h */,
			);
			name = src;
			sourceTree = "<group>";
		};
		86D2677079A3AF4A5A88E29A /* oscpack */ = {
			isa = PBXGroup;
			children = (
				D27B2221A225CA523C019676 /* src */,
			);
			name = oscpack;
			sourceTree = "<group>";
		};
		A763ED608B35AE3310251DEE /* src */ = {
			isa = PBXGroup;
			children = (
				4E2128B02DC62EC86BF12F7E /* ofxBaseGui.cpp */,
				164FC04AFEC5BB948E7A0D99 /* ofxBaseGui.h */,
				5A4EC786203C23BF8AED16CA /* ofxButton.cpp */,
				E4E7E939BC8AB269B78FFAB3 /* ofxButton.h */,
				2FD1588F468C6AE5B067B2B2 /* ofxGui.h */,
				C9D2A1732D73DD57AAC0F262 /* ofxGuiGroup.cpp */,
				1A802A427C5501C9275F9B79 /* ofxGuiGroup.h */,
				FB337218E9941C93FB09718E /* ofxLabel.cpp */,
				B8B23ED91BB312B43D1EA32B /* ofxLabel.h */,
				49D1A7E5B7521EF498DE492B /* ofxPanel.cpp */,
				C77171EF87D913DDCF17F61B /* ofxPanel.h */,
				146B88E69AF5DAFE1C7DE361 /* ofxSlider.cpp */,
				3B2E4C9A505B92753DDAF6DE /* ofxSlider.h */,
				E57B017F9361F72A3EEC84A0 /* ofxSliderGroup.cpp */,
				FD2E0D736D1E59586BF3907F /* ofxSliderGroup.h */,
				6BA9E95D468DC33DE23A10F5 /* ofxToggle.cpp */,
				9116DE29B59617C7CE845444 /* ofxToggle.h */,
			);
			name = src;
			sourceTree = "<group>";
		};
		BB4B014C10F69532006C3DED /* addons */ = {
			isa = PBXGroup;
			children = (
				480A780D8D0308AE4A368801 /* ofxGui */,
				E6053AB7FEC63D5F83825B88 /* ofxOsc */,
				1F4FB5C423662B96ADFDCC0B /* ofxXmlSettings */,
				0FC957AB1DD26AD3005C6EC9 /* ofxImGui */,
			);
			name = addons;
			sourceTree = "<group>";
		};
		BD2F1A9F8D0C05EDB29122D0 /* src */ = {
			isa = PBXGroup;
			children = (
				66CB8E89D426DBB1F78713BC /* ofxOsc.h */,
				F88ECCE0BD65094467905D1A /* ofxOscArg.h */,
				210F109BE850E4006BEC97CE /* ofxOscBundle.cpp */,
				B587BD56D32FAA4F64BB7D67 /* ofxOscBundle.h */,
				77B5EDC0DCE9623F7E097D21 /* ofxOscMessage.cpp */,
				E17BE5880007B1111FFC532A /* ofxOscMessage.h */,
				ACD62466CAD826B8417080FC /* ofxOscParameterSync.cpp */,
				D731D8D865BFA07B0471F2B4 /* ofxOscParameterSync.h */,
				FA3C6232BC334A56A66D8E2C /* ofxOscReceiver.cpp */,
				A201065E4873CC00EF12909E /* ofxOscReceiver.h */,
				447CD6DD87D12C85554F0865 /* ofxOscSender.cpp */,
				02E271FD24F05BA60CB19D51 /* ofxOscSender.h */,
			);
			name = src;
			sourceTree = "<group>";
		};
		D27B2221A225CA523C019676 /* src */ = {
			isa = PBXGroup;
			children = (
				FF8CDF57858E9B94E3237115 /* ip */,
				30CB364908817057B430D528 /* osc */,
			);
			name = src;
			sourceTree = "<group>";
		};
		E4328144138ABC890047C5CB /* Products */ = {
			isa = PBXGroup;
			children = (
				E4328148138ABC890047C5CB /* openFrameworksDebug.a */,
			);
			name = Products;
			sourceTree = "<group>";
		};
		E4B69B4A0A3A1720003C02F2 = {
			isa = PBXGroup;
			children = (
				E4B6FCAD0C3E899E008CF71C /* openFrameworks-Info.plist */,
				E4EB6923138AFD0F00A09F29 /* Project.xcconfig */,
				E4B69E1C0A3A1BDC003C02F2 /* src */,
				E4EEC9E9138DF44700A80321 /* openFrameworks */,
				BB4B014C10F69532006C3DED /* addons */,
				6948EE371B920CB800B5AC1A /* local_addons */,
				E4B69B5B0A3A1756003C02F2 /* sabreServerDebug.app */,
			);
			sourceTree = "<group>";
		};
		E4B69E1C0A3A1BDC003C02F2 /* src */ = {
			isa = PBXGroup;
			children = (
				E4B69E1D0A3A1BDC003C02F2 /* main.cpp */,
				E4B69E1E0A3A1BDC003C02F2 /* ofApp.cpp */,
				E4B69E1F0A3A1BDC003C02F2 /* ofApp.h */,
				A7CDF616008A26B29D6E2620 /* hid.c */,
				EEE66988BDE2256BAFFF44B2 /* hidapi.h */,
				3CFA0D8F865659E0B2797580 /* ofxRawHID.cpp */,
				C915E4B165C7FDB8BD3F4DF8 /* ofxRawHID.h */,
				20063D8BE338EF99E79C7A00 /* raw_hid_WIN32.c */,
				7B9863B9FE540BF4D146F9E5 /* raw_hid_WIN32.h */,
				5AA63EC62597813EA1B87E92 /* sabreAir.h */,
				F17AFC192A194F2D31F96CF6 /* sabreKeys.h */,
				9EC2A71A895FF645851A6B0E /* sabreMidiNote.h */,
				9769DFFA877AD6B3596E05BB /* threadedHID.cpp */,
				AD496724E6B1A0057169D4AA /* threadedHID.h */,
				D17FE01FE144CDC3209C4E81 /* threadedOSC.cpp */,
				2791EA7B9A6AF7747F5061FD /* threadedOSC.h */,
			);
			path = src;
			sourceTree = SOURCE_ROOT;
		};
		E4EEC9E9138DF44700A80321 /* openFrameworks */ = {
			isa = PBXGroup;
			children = (
				E4EB691F138AFCF100A09F29 /* CoreOF.xcconfig */,
				E4328143138ABC890047C5CB /* openFrameworksLib.xcodeproj */,
			);
			name = openFrameworks;
			sourceTree = "<group>";
		};
		E6053AB7FEC63D5F83825B88 /* ofxOsc */ = {
			isa = PBXGroup;
			children = (
				BD2F1A9F8D0C05EDB29122D0 /* src */,
				38871A5825686AE018EC2BF0 /* libs */,
			);
			name = ofxOsc;
			sourceTree = "<group>";
		};
		FF8CDF57858E9B94E3237115 /* ip */ = {
			isa = PBXGroup;
			children = (
				9D27EE587DB33CCC88E36A76 /* IpEndpointName.cpp */,
				6E56780E7C0D618AD8786D31 /* IpEndpointName.h */,
				F9205E41ECC58076CD122011 /* NetworkingUtils.h */,
				F0300BC8C615C6512E361160 /* PacketListener.h */,
				641362CA659FAFEE4E81001B /* posix */,
				49CF57D544B9A79AD5F655CD /* TimerListener.h */,
				F4903DB1A4E90023019D9955 /* UdpSocket.h */,
			);
			name = ip;
			sourceTree = "<group>";
		};
/* End PBXGroup section */

/* Begin PBXNativeTarget section */
		E4B69B5A0A3A1756003C02F2 /* sabreServer */ = {
			isa = PBXNativeTarget;
			buildConfigurationList = E4B69B5F0A3A1757003C02F2 /* Build configuration list for PBXNativeTarget "sabreServer" */;
			buildPhases = (
				E4B69B580A3A1756003C02F2 /* Sources */,
				E4B69B590A3A1756003C02F2 /* Frameworks */,
				E4B6FFFD0C3F9AB9008CF71C /* ShellScript */,
				E4C2427710CC5ABF004149E2 /* CopyFiles */,
			);
			buildRules = (
			);
			dependencies = (
				E4EEB9AC138B136A00A80321 /* PBXTargetDependency */,
			);
			name = sabreServer;
			productName = myOFApp;
			productReference = E4B69B5B0A3A1756003C02F2 /* sabreServerDebug.app */;
			productType = "com.apple.product-type.application";
		};
/* End PBXNativeTarget section */

/* Begin PBXProject section */
		E4B69B4C0A3A1720003C02F2 /* Project object */ = {
			isa = PBXProject;
			attributes = {
				LastUpgradeCheck = 0720;
			};
			buildConfigurationList = E4B69B4D0A3A1720003C02F2 /* Build configuration list for PBXProject "sabreServer" */;
			compatibilityVersion = "Xcode 3.2";
			developmentRegion = English;
			hasScannedForEncodings = 0;
			knownRegions = (
				English,
				Japanese,
				French,
				German,
			);
			mainGroup = E4B69B4A0A3A1720003C02F2;
			productRefGroup = E4B69B4A0A3A1720003C02F2;
			projectDirPath = "";
			projectReferences = (
				{
					ProductGroup = E4328144138ABC890047C5CB /* Products */;
					ProjectRef = E4328143138ABC890047C5CB /* openFrameworksLib.xcodeproj */;
				},
			);
			projectRoot = "";
			targets = (
				E4B69B5A0A3A1756003C02F2 /* sabreServer */,
			);
		};
/* End PBXProject section */

/* Begin PBXReferenceProxy section */
		E4328148138ABC890047C5CB /* openFrameworksDebug.a */ = {
			isa = PBXReferenceProxy;
			fileType = archive.ar;
			path = openFrameworksDebug.a;
			remoteRef = E4328147138ABC890047C5CB /* PBXContainerItemProxy */;
			sourceTree = BUILT_PRODUCTS_DIR;
		};
/* End PBXReferenceProxy section */

/* Begin PBXShellScriptBuildPhase section */
		E4B6FFFD0C3F9AB9008CF71C /* ShellScript */ = {
			isa = PBXShellScriptBuildPhase;
			buildActionMask = 2147483647;
			files = (
			);
			inputPaths = (
			);
			outputPaths = (
			);
			runOnlyForDeploymentPostprocessing = 0;
			shellPath = /bin/sh;
			shellScript = "mkdir -p \"$TARGET_BUILD_DIR/$PRODUCT_NAME.app/Contents/Resources/\"\n# Copy default icon file into App/Resources\nrsync -aved \"$ICON_FILE\" \"$TARGET_BUILD_DIR/$PRODUCT_NAME.app/Contents/Resources/\"\n# Copy libfmod and change install directory for fmod to run\nrsync -aved ../../../../of_v0.9.7_osx_release/libs/fmodex/lib/osx/libfmodex.dylib \"$TARGET_BUILD_DIR/$PRODUCT_NAME.app/Contents/Frameworks/\";\ninstall_name_tool -change @executable_path/libfmodex.dylib @executable_path/../Frameworks/libfmodex.dylib \"$TARGET_BUILD_DIR/$PRODUCT_NAME.app/Contents/MacOS/$PRODUCT_NAME\";\n# Copy GLUT framework (must remove for AppStore submissions)\nrsync -aved ../../../../of_v0.9.7_osx_release/libs/glut/lib/osx/GLUT.framework \"$TARGET_BUILD_DIR/$PRODUCT_NAME.app/Contents/Frameworks/\"\n";
		};
/* End PBXShellScriptBuildPhase section */

/* Begin PBXSourcesBuildPhase section */
		E4B69B580A3A1756003C02F2 /* Sources */ = {
			isa = PBXSourcesBuildPhase;
			buildActionMask = 2147483647;
			files = (
				0FC957CD1DD26AD3005C6EC9 /* imgui_draw.cpp in Sources */,
				E4B69E200A3A1BDC003C02F2 /* main.cpp in Sources */,
				E4B69E210A3A1BDC003C02F2 /* ofApp.cpp in Sources */,
				D779BD97F9EF8B5579F16B9F /* hid.c in Sources */,
				AE78759206ED83DE99C81E34 /* ofxRawHID.cpp in Sources */,
				F4B5772C046E5C8907B8ED71 /* raw_hid_WIN32.c in Sources */,
				0FC957C71DD26AD3005C6EC9 /* BaseTheme.cpp in Sources */,
				AA32A0EB1D8CCA607C800FAE /* threadedHID.cpp in Sources */,
				F9B49B602E4642DFE1D4D319 /* threadedOSC.cpp in Sources */,
				F03F3B85845839D47FD286FA /* ofxBaseGui.cpp in Sources */,
				0FC957CB1DD26AD3005C6EC9 /* imgui.cpp in Sources */,
				0FC957CA1DD26AD3005C6EC9 /* ofxImGui.cpp in Sources */,
				5F6BDB5F1F14E72BDFA8334F /* ofxButton.cpp in Sources */,
				BEBB926C3E1F5BCD7A504AE8 /* ofxGuiGroup.cpp in Sources */,
				0FC957C81DD26AD3005C6EC9 /* EngineGLFW.cpp in Sources */,
				BCF4334D4325A08B509CC82D /* ofxLabel.cpp in Sources */,
				C9B6403E57F3CC5AAC8D0241 /* ofxPanel.cpp in Sources */,
				B39B6E118F7EA754E449497B /* ofxSlider.cpp in Sources */,
				86E8CDE8BD2684BE4D21FC69 /* ofxSliderGroup.cpp in Sources */,
				212B20288C88DDCF3E11047B /* ofxToggle.cpp in Sources */,
				0B22A9762B0B2313F128D7FC /* ofxOscBundle.cpp in Sources */,
				0FC957C61DD26AD3005C6EC9 /* BaseEngine.cpp in Sources */,
				0FC957CE1DD26AD3005C6EC9 /* README.md in Sources */,
				27B1FC002AA181745768339F /* ofxOscMessage.cpp in Sources */,
				2896801F376122306B4D5A88 /* ofxOscParameterSync.cpp in Sources */,
				C4514EBB6FCD7A3B0B841A23 /* ofxOscReceiver.cpp in Sources */,
				0FC957CC1DD26AD3005C6EC9 /* imgui_demo.cpp in Sources */,
				09D6AE93075395DC4EC2E6D6 /* ofxOscSender.cpp in Sources */,
				2995BE03E0AF01EE144199FE /* IpEndpointName.cpp in Sources */,
				E862364D4A3021A8883D0C44 /* NetworkingUtils.cpp in Sources */,
				8AB230ADFE1837304ED20C77 /* UdpSocket.cpp in Sources */,
				0FC957C91DD26AD3005C6EC9 /* EngineOpenGLES.cpp in Sources */,
				14FD0F7EC56A6343B310305A /* OscOutboundPacketStream.cpp in Sources */,
				97DDB185AE61A01DB7877144 /* OscPrintReceivedElements.cpp in Sources */,
				22C2F32F254438A66FB074B7 /* OscReceivedElements.cpp in Sources */,
				B6352D033101B5D4C4114017 /* OscTypes.cpp in Sources */,
				CC9BA0B91ACF89AF221402D8 /* ofxXmlSettings.cpp in Sources */,
				5536D98D481F12D1FA064F8B /* tinyxml.cpp in Sources */,
				C0A38DBEFEBBFC761C64EEC2 /* tinyxmlerror.cpp in Sources */,
				0AC8EDCA4DBC8BAAF3219AFD /* tinyxmlparser.cpp in Sources */,
			);
			runOnlyForDeploymentPostprocessing = 0;
		};
/* End PBXSourcesBuildPhase section */

/* Begin PBXTargetDependency section */
		E4EEB9AC138B136A00A80321 /* PBXTargetDependency */ = {
			isa = PBXTargetDependency;
			name = openFrameworks;
			targetProxy = E4EEB9AB138B136A00A80321 /* PBXContainerItemProxy */;
		};
/* End PBXTargetDependency section */

/* Begin XCBuildConfiguration section */
		E4B69B4E0A3A1720003C02F2 /* Debug */ = {
			isa = XCBuildConfiguration;
			baseConfigurationReference = E4EB6923138AFD0F00A09F29 /* Project.xcconfig */;
			buildSettings = {
				CONFIGURATION_BUILD_DIR = "$(SRCROOT)/bin/";
				COPY_PHASE_STRIP = NO;
				DEAD_CODE_STRIPPING = YES;
				ENABLE_TESTABILITY = YES;
				GCC_AUTO_VECTORIZATION = YES;
				GCC_ENABLE_SSE3_EXTENSIONS = YES;
				GCC_ENABLE_SUPPLEMENTAL_SSE3_INSTRUCTIONS = YES;
				GCC_INLINES_ARE_PRIVATE_EXTERN = NO;
				GCC_OPTIMIZATION_LEVEL = 0;
				GCC_SYMBOLS_PRIVATE_EXTERN = NO;
				GCC_WARN_ABOUT_DEPRECATED_FUNCTIONS = YES;
				GCC_WARN_ABOUT_INVALID_OFFSETOF_MACRO = NO;
				GCC_WARN_ALLOW_INCOMPLETE_PROTOCOL = NO;
				GCC_WARN_UNINITIALIZED_AUTOS = NO;
				GCC_WARN_UNUSED_VALUE = NO;
				GCC_WARN_UNUSED_VARIABLE = NO;
				HEADER_SEARCH_PATHS = (
					"$(OF_CORE_HEADERS)",
					src,
					../../../../of_v0.9.7_osx_release/addons/ofxGui/src,
					../../../../of_v0.9.7_osx_release/addons/ofxOsc/libs,
					../../../../of_v0.9.7_osx_release/addons/ofxOsc/libs/oscpack,
					../../../../of_v0.9.7_osx_release/addons/ofxOsc/libs/oscpack/src,
					../../../../of_v0.9.7_osx_release/addons/ofxOsc/libs/oscpack/src/ip,
					../../../../of_v0.9.7_osx_release/addons/ofxOsc/libs/oscpack/src/ip/posix,
					../../../../of_v0.9.7_osx_release/addons/ofxOsc/libs/oscpack/src/ip/win32,
					../../../../of_v0.9.7_osx_release/addons/ofxOsc/libs/oscpack/src/osc,
					../../../../of_v0.9.7_osx_release/addons/ofxOsc/src,
					../../../../of_v0.9.7_osx_release/addons/ofxXmlSettings/libs,
					../../../../of_v0.9.7_osx_release/addons/ofxXmlSettings/src,
				);
				MACOSX_DEPLOYMENT_TARGET = 10.10;
				ONLY_ACTIVE_ARCH = YES;
				OTHER_CPLUSPLUSFLAGS = (
					"-D__MACOSX_CORE__",
					"-mtune=native",
				);
				SDKROOT = macosx;
			};
			name = Debug;
		};
		E4B69B4F0A3A1720003C02F2 /* Release */ = {
			isa = XCBuildConfiguration;
			baseConfigurationReference = E4EB6923138AFD0F00A09F29 /* Project.xcconfig */;
			buildSettings = {
				CONFIGURATION_BUILD_DIR = "$(SRCROOT)/bin/";
				COPY_PHASE_STRIP = YES;
				DEAD_CODE_STRIPPING = YES;
				GCC_AUTO_VECTORIZATION = YES;
				GCC_ENABLE_SSE3_EXTENSIONS = YES;
				GCC_ENABLE_SUPPLEMENTAL_SSE3_INSTRUCTIONS = YES;
				GCC_INLINES_ARE_PRIVATE_EXTERN = NO;
				GCC_OPTIMIZATION_LEVEL = 3;
				GCC_SYMBOLS_PRIVATE_EXTERN = NO;
				GCC_UNROLL_LOOPS = YES;
				GCC_WARN_ABOUT_DEPRECATED_FUNCTIONS = YES;
				GCC_WARN_ABOUT_INVALID_OFFSETOF_MACRO = NO;
				GCC_WARN_ALLOW_INCOMPLETE_PROTOCOL = NO;
				GCC_WARN_UNINITIALIZED_AUTOS = NO;
				GCC_WARN_UNUSED_VALUE = NO;
				GCC_WARN_UNUSED_VARIABLE = NO;
				HEADER_SEARCH_PATHS = (
					"$(OF_CORE_HEADERS)",
					src,
					../../../../of_v0.9.7_osx_release/addons/ofxGui/src,
					../../../../of_v0.9.7_osx_release/addons/ofxOsc/libs,
					../../../../of_v0.9.7_osx_release/addons/ofxOsc/libs/oscpack,
					../../../../of_v0.9.7_osx_release/addons/ofxOsc/libs/oscpack/src,
					../../../../of_v0.9.7_osx_release/addons/ofxOsc/libs/oscpack/src/ip,
					../../../../of_v0.9.7_osx_release/addons/ofxOsc/libs/oscpack/src/ip/posix,
					../../../../of_v0.9.7_osx_release/addons/ofxOsc/libs/oscpack/src/ip/win32,
					../../../../of_v0.9.7_osx_release/addons/ofxOsc/libs/oscpack/src/osc,
					../../../../of_v0.9.7_osx_release/addons/ofxOsc/src,
					../../../../of_v0.9.7_osx_release/addons/ofxXmlSettings/libs,
					../../../../of_v0.9.7_osx_release/addons/ofxXmlSettings/src,
				);
				MACOSX_DEPLOYMENT_TARGET = 10.10;
				OTHER_CPLUSPLUSFLAGS = (
					"-D__MACOSX_CORE__",
					"-mtune=native",
				);
				SDKROOT = macosx;
			};
			name = Release;
		};
		E4B69B600A3A1757003C02F2 /* Debug */ = {
			isa = XCBuildConfiguration;
			baseConfigurationReference = E4EB6923138AFD0F00A09F29 /* Project.xcconfig */;
			buildSettings = {
				COMBINE_HIDPI_IMAGES = YES;
				COPY_PHASE_STRIP = NO;
				FRAMEWORK_SEARCH_PATHS = (
					"$(inherited)",
					"$(FRAMEWORK_SEARCH_PATHS_QUOTED_FOR_TARGET_1)",
				);
				FRAMEWORK_SEARCH_PATHS_QUOTED_FOR_TARGET_1 = "\"$(SRCROOT)/../../../../of_v0.9.7_osx_release/libs/glut/lib/osx\"";
				GCC_DYNAMIC_NO_PIC = NO;
				GCC_GENERATE_DEBUGGING_SYMBOLS = YES;
				GCC_MODEL_TUNING = NONE;
				HEADER_SEARCH_PATHS = (
					"$(OF_CORE_HEADERS)",
					src,
					../../../../of_v0.9.7_osx_release/addons/ofxGui/src,
					../../../../of_v0.9.7_osx_release/addons/ofxOsc/libs,
					../../../../of_v0.9.7_osx_release/addons/ofxOsc/libs/oscpack,
					../../../../of_v0.9.7_osx_release/addons/ofxOsc/libs/oscpack/src,
					../../../../of_v0.9.7_osx_release/addons/ofxOsc/libs/oscpack/src/ip,
					../../../../of_v0.9.7_osx_release/addons/ofxOsc/libs/oscpack/src/ip/posix,
					../../../../of_v0.9.7_osx_release/addons/ofxOsc/libs/oscpack/src/ip/win32,
					../../../../of_v0.9.7_osx_release/addons/ofxOsc/libs/oscpack/src/osc,
					../../../../of_v0.9.7_osx_release/addons/ofxOsc/src,
					../../../../of_v0.9.7_osx_release/addons/ofxXmlSettings/libs,
					../../../../of_v0.9.7_osx_release/addons/ofxXmlSettings/src,
				);
				ICON = "$(ICON_NAME_DEBUG)";
				ICON_FILE = "$(ICON_FILE_PATH)$(ICON)";
				INFOPLIST_FILE = "openFrameworks-Info.plist";
				INSTALL_PATH = /Applications;
				LIBRARY_SEARCH_PATHS = "$(inherited)";
				PRODUCT_BUNDLE_IDENTIFIER = cc.openFrameworks.ofapp;
				PRODUCT_NAME = "$(TARGET_NAME)Debug";
				USER_HEADER_SEARCH_PATHS = "";
				WRAPPER_EXTENSION = app;
			};
			name = Debug;
		};
		E4B69B610A3A1757003C02F2 /* Release */ = {
			isa = XCBuildConfiguration;
			baseConfigurationReference = E4EB6923138AFD0F00A09F29 /* Project.xcconfig */;
			buildSettings = {
				COMBINE_HIDPI_IMAGES = YES;
				COPY_PHASE_STRIP = YES;
				FRAMEWORK_SEARCH_PATHS = (
					"$(inherited)",
					"$(FRAMEWORK_SEARCH_PATHS_QUOTED_FOR_TARGET_1)",
				);
				FRAMEWORK_SEARCH_PATHS_QUOTED_FOR_TARGET_1 = "\"$(SRCROOT)/../../../../of_v0.9.7_osx_release/libs/glut/lib/osx\"";
				GCC_GENERATE_DEBUGGING_SYMBOLS = YES;
				GCC_MODEL_TUNING = NONE;
				HEADER_SEARCH_PATHS = (
					"$(OF_CORE_HEADERS)",
					src,
					../../../../of_v0.9.7_osx_release/addons/ofxGui/src,
					../../../../of_v0.9.7_osx_release/addons/ofxOsc/libs,
					../../../../of_v0.9.7_osx_release/addons/ofxOsc/libs/oscpack,
					../../../../of_v0.9.7_osx_release/addons/ofxOsc/libs/oscpack/src,
					../../../../of_v0.9.7_osx_release/addons/ofxOsc/libs/oscpack/src/ip,
					../../../../of_v0.9.7_osx_release/addons/ofxOsc/libs/oscpack/src/ip/posix,
					../../../../of_v0.9.7_osx_release/addons/ofxOsc/libs/oscpack/src/ip/win32,
					../../../../of_v0.9.7_osx_release/addons/ofxOsc/libs/oscpack/src/osc,
					../../../../of_v0.9.7_osx_release/addons/ofxOsc/src,
					../../../../of_v0.9.7_osx_release/addons/ofxXmlSettings/libs,
					../../../../of_v0.9.7_osx_release/addons/ofxXmlSettings/src,
				);
				ICON = "$(ICON_NAME_RELEASE)";
				ICON_FILE = "$(ICON_FILE_PATH)$(ICON)";
				INFOPLIST_FILE = "openFrameworks-Info.plist";
				INSTALL_PATH = /Applications;
				LIBRARY_SEARCH_PATHS = "$(inherited)";
				PRODUCT_BUNDLE_IDENTIFIER = cc.openFrameworks.ofapp;
				PRODUCT_NAME = "$(TARGET_NAME)";
				USER_HEADER_SEARCH_PATHS = "";
				WRAPPER_EXTENSION = app;
				baseConfigurationReference = E4EB6923138AFD0F00A09F29;
			};
			name = Release;
		};
/* End XCBuildConfiguration section */

/* Begin XCConfigurationList section */
		E4B69B4D0A3A1720003C02F2 /* Build configuration list for PBXProject "sabreServer" */ = {
			isa = XCConfigurationList;
			buildConfigurations = (
				E4B69B4E0A3A1720003C02F2 /* Debug */,
				E4B69B4F0A3A1720003C02F2 /* Release */,
			);
			defaultConfigurationIsVisible = 0;
			defaultConfigurationName = Release;
		};
		E4B69B5F0A3A1757003C02F2 /* Build configuration list for PBXNativeTarget "sabreServer" */ = {
			isa = XCConfigurationList;
			buildConfigurations = (
				E4B69B600A3A1757003C02F2 /* Debug */,
				E4B69B610A3A1757003C02F2 /* Release */,
			);
			defaultConfigurationIsVisible = 0;
			defaultConfigurationName = Release;
		};
/* End XCConfigurationList section */
	};
	rootObject = E4B69B4C0A3A1720003C02F2 /* Project object */;
}
